// !$*UTF8*$!
{
	archiveVersion = 1;
	classes = {
	};
	objectVersion = 50;
	objects = {

/* Begin PBXBuildFile section */
		C502AE3E26F3B0E100E8C9AA /* AppDelegate.swift in Sources */ = {isa = PBXBuildFile; fileRef = C502AE3D26F3B0E100E8C9AA /* AppDelegate.swift */; };
		C502AE4026F3B0E100E8C9AA /* SceneDelegate.swift in Sources */ = {isa = PBXBuildFile; fileRef = C502AE3F26F3B0E100E8C9AA /* SceneDelegate.swift */; };
		C502AE4226F3B0E100E8C9AA /* ViewController.swift in Sources */ = {isa = PBXBuildFile; fileRef = C502AE4126F3B0E100E8C9AA /* ViewController.swift */; };
		C502AE4526F3B0E100E8C9AA /* Main.storyboard in Resources */ = {isa = PBXBuildFile; fileRef = C502AE4326F3B0E100E8C9AA /* Main.storyboard */; };
		C502AE4726F3B0E200E8C9AA /* Assets.xcassets in Resources */ = {isa = PBXBuildFile; fileRef = C502AE4626F3B0E200E8C9AA /* Assets.xcassets */; };
		C502AE4A26F3B0E200E8C9AA /* LaunchScreen.storyboard in Resources */ = {isa = PBXBuildFile; fileRef = C502AE4826F3B0E200E8C9AA /* LaunchScreen.storyboard */; };
		C502AE5526F3B0E200E8C9AA /* GNBCatalogTests.swift in Sources */ = {isa = PBXBuildFile; fileRef = C502AE5426F3B0E200E8C9AA /* GNBCatalogTests.swift */; };
		C502AE6026F3B0E200E8C9AA /* GNBCatalogUITests.swift in Sources */ = {isa = PBXBuildFile; fileRef = C502AE5F26F3B0E200E8C9AA /* GNBCatalogUITests.swift */; };
/* End PBXBuildFile section */

/* Begin PBXContainerItemProxy section */
		C502AE5126F3B0E200E8C9AA /* PBXContainerItemProxy */ = {
			isa = PBXContainerItemProxy;
			containerPortal = C502AE3226F3B0E100E8C9AA /* Project object */;
			proxyType = 1;
			remoteGlobalIDString = C502AE3926F3B0E100E8C9AA;
			remoteInfo = GNBCatalog;
		};
		C502AE5C26F3B0E200E8C9AA /* PBXContainerItemProxy */ = {
			isa = PBXContainerItemProxy;
			containerPortal = C502AE3226F3B0E100E8C9AA /* Project object */;
			proxyType = 1;
			remoteGlobalIDString = C502AE3926F3B0E100E8C9AA;
			remoteInfo = GNBCatalog;
		};
/* End PBXContainerItemProxy section */

/* Begin PBXFileReference section */
		C502AE3A26F3B0E100E8C9AA /* GNBCatalog.app */ = {isa = PBXFileReference; explicitFileType = wrapper.application; includeInIndex = 0; path = GNBCatalog.app; sourceTree = BUILT_PRODUCTS_DIR; };
		C502AE3D26F3B0E100E8C9AA /* AppDelegate.swift */ = {isa = PBXFileReference; lastKnownFileType = sourcecode.swift; path = AppDelegate.swift; sourceTree = "<group>"; };
		C502AE3F26F3B0E100E8C9AA /* SceneDelegate.swift */ = {isa = PBXFileReference; lastKnownFileType = sourcecode.swift; path = SceneDelegate.swift; sourceTree = "<group>"; };
		C502AE4126F3B0E100E8C9AA /* ViewController.swift */ = {isa = PBXFileReference; lastKnownFileType = sourcecode.swift; path = ViewController.swift; sourceTree = "<group>"; };
		C502AE4426F3B0E100E8C9AA /* Base */ = {isa = PBXFileReference; lastKnownFileType = file.storyboard; name = Base; path = Base.lproj/Main.storyboard; sourceTree = "<group>"; };
		C502AE4626F3B0E200E8C9AA /* Assets.xcassets */ = {isa = PBXFileReference; lastKnownFileType = folder.assetcatalog; path = Assets.xcassets; sourceTree = "<group>"; };
		C502AE4926F3B0E200E8C9AA /* Base */ = {isa = PBXFileReference; lastKnownFileType = file.storyboard; name = Base; path = Base.lproj/LaunchScreen.storyboard; sourceTree = "<group>"; };
		C502AE4B26F3B0E200E8C9AA /* Info.plist */ = {isa = PBXFileReference; lastKnownFileType = text.plist.xml; path = Info.plist; sourceTree = "<group>"; };
		C502AE5026F3B0E200E8C9AA /* GNBCatalogTests.xctest */ = {isa = PBXFileReference; explicitFileType = wrapper.cfbundle; includeInIndex = 0; path = GNBCatalogTests.xctest; sourceTree = BUILT_PRODUCTS_DIR; };
		C502AE5426F3B0E200E8C9AA /* GNBCatalogTests.swift */ = {isa = PBXFileReference; lastKnownFileType = sourcecode.swift; path = GNBCatalogTests.swift; sourceTree = "<group>"; };
		C502AE5626F3B0E200E8C9AA /* Info.plist */ = {isa = PBXFileReference; lastKnownFileType = text.plist.xml; path = Info.plist; sourceTree = "<group>"; };
		C502AE5B26F3B0E200E8C9AA /* GNBCatalogUITests.xctest */ = {isa = PBXFileReference; explicitFileType = wrapper.cfbundle; includeInIndex = 0; path = GNBCatalogUITests.xctest; sourceTree = BUILT_PRODUCTS_DIR; };
		C502AE5F26F3B0E200E8C9AA /* GNBCatalogUITests.swift */ = {isa = PBXFileReference; lastKnownFileType = sourcecode.swift; path = GNBCatalogUITests.swift; sourceTree = "<group>"; };
		C502AE6126F3B0E200E8C9AA /* Info.plist */ = {isa = PBXFileReference; lastKnownFileType = text.plist.xml; path = Info.plist; sourceTree = "<group>"; };
/* End PBXFileReference section */

/* Begin PBXFrameworksBuildPhase section */
		C502AE3726F3B0E100E8C9AA /* Frameworks */ = {
			isa = PBXFrameworksBuildPhase;
			buildActionMask = 2147483647;
			files = (
			);
			runOnlyForDeploymentPostprocessing = 0;
		};
		C502AE4D26F3B0E200E8C9AA /* Frameworks */ = {
			isa = PBXFrameworksBuildPhase;
			buildActionMask = 2147483647;
			files = (
			);
			runOnlyForDeploymentPostprocessing = 0;
		};
		C502AE5826F3B0E200E8C9AA /* Frameworks */ = {
			isa = PBXFrameworksBuildPhase;
			buildActionMask = 2147483647;
			files = (
			);
			runOnlyForDeploymentPostprocessing = 0;
		};
/* End PBXFrameworksBuildPhase section */

/* Begin PBXGroup section */
		C502AE3126F3B0E100E8C9AA = {
			isa = PBXGroup;
			children = (
				C502AE3C26F3B0E100E8C9AA /* GNBCatalog */,
				C502AE5326F3B0E200E8C9AA /* GNBCatalogTests */,
				C502AE5E26F3B0E200E8C9AA /* GNBCatalogUITests */,
				C502AE3B26F3B0E100E8C9AA /* Products */,
			);
			sourceTree = "<group>";
		};
		C502AE3B26F3B0E100E8C9AA /* Products */ = {
			isa = PBXGroup;
			children = (
				C502AE3A26F3B0E100E8C9AA /* GNBCatalog.app */,
				C502AE5026F3B0E200E8C9AA /* GNBCatalogTests.xctest */,
				C502AE5B26F3B0E200E8C9AA /* GNBCatalogUITests.xctest */,
			);
			name = Products;
			sourceTree = "<group>";
		};
		C502AE3C26F3B0E100E8C9AA /* GNBCatalog */ = {
			isa = PBXGroup;
			children = (
				C502AE3D26F3B0E100E8C9AA /* AppDelegate.swift */,
				C502AE3F26F3B0E100E8C9AA /* SceneDelegate.swift */,
				C502AE4126F3B0E100E8C9AA /* ViewController.swift */,
				C502AE4326F3B0E100E8C9AA /* Main.storyboard */,
				C502AE4626F3B0E200E8C9AA /* Assets.xcassets */,
				C502AE4826F3B0E200E8C9AA /* LaunchScreen.storyboard */,
				C502AE4B26F3B0E200E8C9AA /* Info.plist */,
			);
			path = GNBCatalog;
			sourceTree = "<group>";
		};
		C502AE5326F3B0E200E8C9AA /* GNBCatalogTests */ = {
			isa = PBXGroup;
			children = (
				C502AE5426F3B0E200E8C9AA /* GNBCatalogTests.swift */,
				C502AE5626F3B0E200E8C9AA /* Info.plist */,
			);
			path = GNBCatalogTests;
			sourceTree = "<group>";
		};
		C502AE5E26F3B0E200E8C9AA /* GNBCatalogUITests */ = {
			isa = PBXGroup;
			children = (
				C502AE5F26F3B0E200E8C9AA /* GNBCatalogUITests.swift */,
				C502AE6126F3B0E200E8C9AA /* Info.plist */,
			);
			path = GNBCatalogUITests;
			sourceTree = "<group>";
		};
/* End PBXGroup section */

/* Begin PBXNativeTarget section */
		C502AE3926F3B0E100E8C9AA /* GNBCatalog */ = {
			isa = PBXNativeTarget;
			buildConfigurationList = C502AE6426F3B0E200E8C9AA /* Build configuration list for PBXNativeTarget "GNBCatalog" */;
			buildPhases = (
				C502AE3626F3B0E100E8C9AA /* Sources */,
				C502AE3726F3B0E100E8C9AA /* Frameworks */,
				C502AE3826F3B0E100E8C9AA /* Resources */,
			);
			buildRules = (
			);
			dependencies = (
			);
			name = GNBCatalog;
			productName = GNBCatalog;
			productReference = C502AE3A26F3B0E100E8C9AA /* GNBCatalog.app */;
			productType = "com.apple.product-type.application";
		};
		C502AE4F26F3B0E200E8C9AA /* GNBCatalogTests */ = {
			isa = PBXNativeTarget;
			buildConfigurationList = C502AE6726F3B0E200E8C9AA /* Build configuration list for PBXNativeTarget "GNBCatalogTests" */;
			buildPhases = (
				C502AE4C26F3B0E200E8C9AA /* Sources */,
				C502AE4D26F3B0E200E8C9AA /* Frameworks */,
				C502AE4E26F3B0E200E8C9AA /* Resources */,
			);
			buildRules = (
			);
			dependencies = (
				C502AE5226F3B0E200E8C9AA /* PBXTargetDependency */,
			);
			name = GNBCatalogTests;
			productName = GNBCatalogTests;
			productReference = C502AE5026F3B0E200E8C9AA /* GNBCatalogTests.xctest */;
			productType = "com.apple.product-type.bundle.unit-test";
		};
		C502AE5A26F3B0E200E8C9AA /* GNBCatalogUITests */ = {
			isa = PBXNativeTarget;
			buildConfigurationList = C502AE6A26F3B0E200E8C9AA /* Build configuration list for PBXNativeTarget "GNBCatalogUITests" */;
			buildPhases = (
				C502AE5726F3B0E200E8C9AA /* Sources */,
				C502AE5826F3B0E200E8C9AA /* Frameworks */,
				C502AE5926F3B0E200E8C9AA /* Resources */,
			);
			buildRules = (
			);
			dependencies = (
				C502AE5D26F3B0E200E8C9AA /* PBXTargetDependency */,
			);
			name = GNBCatalogUITests;
			productName = GNBCatalogUITests;
			productReference = C502AE5B26F3B0E200E8C9AA /* GNBCatalogUITests.xctest */;
			productType = "com.apple.product-type.bundle.ui-testing";
		};
/* End PBXNativeTarget section */

/* Begin PBXProject section */
		C502AE3226F3B0E100E8C9AA /* Project object */ = {
			isa = PBXProject;
			attributes = {
				LastSwiftUpdateCheck = 1240;
				LastUpgradeCheck = 1240;
				TargetAttributes = {
					C502AE3926F3B0E100E8C9AA = {
						CreatedOnToolsVersion = 12.4;
					};
					C502AE4F26F3B0E200E8C9AA = {
						CreatedOnToolsVersion = 12.4;
						TestTargetID = C502AE3926F3B0E100E8C9AA;
					};
					C502AE5A26F3B0E200E8C9AA = {
						CreatedOnToolsVersion = 12.4;
						TestTargetID = C502AE3926F3B0E100E8C9AA;
					};
				};
			};
			buildConfigurationList = C502AE3526F3B0E100E8C9AA /* Build configuration list for PBXProject "GNBCatalog" */;
			compatibilityVersion = "Xcode 9.3";
			developmentRegion = en;
			hasScannedForEncodings = 0;
			knownRegions = (
				en,
				Base,
			);
			mainGroup = C502AE3126F3B0E100E8C9AA;
			productRefGroup = C502AE3B26F3B0E100E8C9AA /* Products */;
			projectDirPath = "";
			projectRoot = "";
			targets = (
				C502AE3926F3B0E100E8C9AA /* GNBCatalog */,
				C502AE4F26F3B0E200E8C9AA /* GNBCatalogTests */,
				C502AE5A26F3B0E200E8C9AA /* GNBCatalogUITests */,
			);
		};
/* End PBXProject section */

/* Begin PBXResourcesBuildPhase section */
		C502AE3826F3B0E100E8C9AA /* Resources */ = {
			isa = PBXResourcesBuildPhase;
			buildActionMask = 2147483647;
			files = (
				C502AE4A26F3B0E200E8C9AA /* LaunchScreen.storyboard in Resources */,
				C502AE4726F3B0E200E8C9AA /* Assets.xcassets in Resources */,
				C502AE4526F3B0E100E8C9AA /* Main.storyboard in Resources */,
			);
			runOnlyForDeploymentPostprocessing = 0;
		};
		C502AE4E26F3B0E200E8C9AA /* Resources */ = {
			isa = PBXResourcesBuildPhase;
			buildActionMask = 2147483647;
			files = (
			);
			runOnlyForDeploymentPostprocessing = 0;
		};
		C502AE5926F3B0E200E8C9AA /* Resources */ = {
			isa = PBXResourcesBuildPhase;
			buildActionMask = 2147483647;
			files = (
			);
			runOnlyForDeploymentPostprocessing = 0;
		};
/* End PBXResourcesBuildPhase section */

/* Begin PBXSourcesBuildPhase section */
		C502AE3626F3B0E100E8C9AA /* Sources */ = {
			isa = PBXSourcesBuildPhase;
			buildActionMask = 2147483647;
			files = (
				C502AE4226F3B0E100E8C9AA /* ViewController.swift in Sources */,
				C502AE3E26F3B0E100E8C9AA /* AppDelegate.swift in Sources */,
				C502AE4026F3B0E100E8C9AA /* SceneDelegate.swift in Sources */,
			);
			runOnlyForDeploymentPostprocessing = 0;
		};
		C502AE4C26F3B0E200E8C9AA /* Sources */ = {
			isa = PBXSourcesBuildPhase;
			buildActionMask = 2147483647;
			files = (
				C502AE5526F3B0E200E8C9AA /* GNBCatalogTests.swift in Sources */,
			);
			runOnlyForDeploymentPostprocessing = 0;
		};
		C502AE5726F3B0E200E8C9AA /* Sources */ = {
			isa = PBXSourcesBuildPhase;
			buildActionMask = 2147483647;
			files = (
				C502AE6026F3B0E200E8C9AA /* GNBCatalogUITests.swift in Sources */,
			);
			runOnlyForDeploymentPostprocessing = 0;
		};
/* End PBXSourcesBuildPhase section */

/* Begin PBXTargetDependency section */
		C502AE5226F3B0E200E8C9AA /* PBXTargetDependency */ = {
			isa = PBXTargetDependency;
			target = C502AE3926F3B0E100E8C9AA /* GNBCatalog */;
			targetProxy = C502AE5126F3B0E200E8C9AA /* PBXContainerItemProxy */;
		};
		C502AE5D26F3B0E200E8C9AA /* PBXTargetDependency */ = {
			isa = PBXTargetDependency;
			target = C502AE3926F3B0E100E8C9AA /* GNBCatalog */;
			targetProxy = C502AE5C26F3B0E200E8C9AA /* PBXContainerItemProxy */;
		};
/* End PBXTargetDependency section */

/* Begin PBXVariantGroup section */
		C502AE4326F3B0E100E8C9AA /* Main.storyboard */ = {
			isa = PBXVariantGroup;
			children = (
				C502AE4426F3B0E100E8C9AA /* Base */,
			);
			name = Main.storyboard;
			sourceTree = "<group>";
		};
		C502AE4826F3B0E200E8C9AA /* LaunchScreen.storyboard */ = {
			isa = PBXVariantGroup;
			children = (
				C502AE4926F3B0E200E8C9AA /* Base */,
			);
			name = LaunchScreen.storyboard;
			sourceTree = "<group>";
		};
/* End PBXVariantGroup section */

/* Begin XCBuildConfiguration section */
		C502AE6226F3B0E200E8C9AA /* Debug */ = {
			isa = XCBuildConfiguration;
			buildSettings = {
				ALWAYS_SEARCH_USER_PATHS = NO;
				CLANG_ANALYZER_NONNULL = YES;
				CLANG_ANALYZER_NUMBER_OBJECT_CONVERSION = YES_AGGRESSIVE;
				CLANG_CXX_LANGUAGE_STANDARD = "gnu++14";
				CLANG_CXX_LIBRARY = "libc++";
				CLANG_ENABLE_MODULES = YES;
				CLANG_ENABLE_OBJC_ARC = YES;
				CLANG_ENABLE_OBJC_WEAK = YES;
				CLANG_WARN_BLOCK_CAPTURE_AUTORELEASING = YES;
				CLANG_WARN_BOOL_CONVERSION = YES;
				CLANG_WARN_COMMA = YES;
				CLANG_WARN_CONSTANT_CONVERSION = YES;
				CLANG_WARN_DEPRECATED_OBJC_IMPLEMENTATIONS = YES;
				CLANG_WARN_DIRECT_OBJC_ISA_USAGE = YES_ERROR;
				CLANG_WARN_DOCUMENTATION_COMMENTS = YES;
				CLANG_WARN_EMPTY_BODY = YES;
				CLANG_WARN_ENUM_CONVERSION = YES;
				CLANG_WARN_INFINITE_RECURSION = YES;
				CLANG_WARN_INT_CONVERSION = YES;
				CLANG_WARN_NON_LITERAL_NULL_CONVERSION = YES;
				CLANG_WARN_OBJC_IMPLICIT_RETAIN_SELF = YES;
				CLANG_WARN_OBJC_LITERAL_CONVERSION = YES;
				CLANG_WARN_OBJC_ROOT_CLASS = YES_ERROR;
				CLANG_WARN_QUOTED_INCLUDE_IN_FRAMEWORK_HEADER = YES;
				CLANG_WARN_RANGE_LOOP_ANALYSIS = YES;
				CLANG_WARN_STRICT_PROTOTYPES = YES;
				CLANG_WARN_SUSPICIOUS_MOVE = YES;
				CLANG_WARN_UNGUARDED_AVAILABILITY = YES_AGGRESSIVE;
				CLANG_WARN_UNREACHABLE_CODE = YES;
				CLANG_WARN__DUPLICATE_METHOD_MATCH = YES;
				COPY_PHASE_STRIP = NO;
				DEBUG_INFORMATION_FORMAT = dwarf;
				ENABLE_STRICT_OBJC_MSGSEND = YES;
				ENABLE_TESTABILITY = YES;
				GCC_C_LANGUAGE_STANDARD = gnu11;
				GCC_DYNAMIC_NO_PIC = NO;
				GCC_NO_COMMON_BLOCKS = YES;
				GCC_OPTIMIZATION_LEVEL = 0;
				GCC_PREPROCESSOR_DEFINITIONS = (
					"DEBUG=1",
					"$(inherited)",
				);
				GCC_WARN_64_TO_32_BIT_CONVERSION = YES;
				GCC_WARN_ABOUT_RETURN_TYPE = YES_ERROR;
				GCC_WARN_UNDECLARED_SELECTOR = YES;
				GCC_WARN_UNINITIALIZED_AUTOS = YES_AGGRESSIVE;
				GCC_WARN_UNUSED_FUNCTION = YES;
				GCC_WARN_UNUSED_VARIABLE = YES;
				IPHONEOS_DEPLOYMENT_TARGET = 14.4;
				MTL_ENABLE_DEBUG_INFO = INCLUDE_SOURCE;
				MTL_FAST_MATH = YES;
				ONLY_ACTIVE_ARCH = YES;
				SDKROOT = iphoneos;
				SWIFT_ACTIVE_COMPILATION_CONDITIONS = DEBUG;
				SWIFT_OPTIMIZATION_LEVEL = "-Onone";
			};
			name = Debug;
		};
		C502AE6326F3B0E200E8C9AA /* Release */ = {
			isa = XCBuildConfiguration;
			buildSettings = {
				ALWAYS_SEARCH_USER_PATHS = NO;
				CLANG_ANALYZER_NONNULL = YES;
				CLANG_ANALYZER_NUMBER_OBJECT_CONVERSION = YES_AGGRESSIVE;
				CLANG_CXX_LANGUAGE_STANDARD = "gnu++14";
				CLANG_CXX_LIBRARY = "libc++";
				CLANG_ENABLE_MODULES = YES;
				CLANG_ENABLE_OBJC_ARC = YES;
				CLANG_ENABLE_OBJC_WEAK = YES;
				CLANG_WARN_BLOCK_CAPTURE_AUTORELEASING = YES;
				CLANG_WARN_BOOL_CONVERSION = YES;
				CLANG_WARN_COMMA = YES;
				CLANG_WARN_CONSTANT_CONVERSION = YES;
				CLANG_WARN_DEPRECATED_OBJC_IMPLEMENTATIONS = YES;
				CLANG_WARN_DIRECT_OBJC_ISA_USAGE = YES_ERROR;
				CLANG_WARN_DOCUMENTATION_COMMENTS = YES;
				CLANG_WARN_EMPTY_BODY = YES;
				CLANG_WARN_ENUM_CONVERSION = YES;
				CLANG_WARN_INFINITE_RECURSION = YES;
				CLANG_WARN_INT_CONVERSION = YES;
				CLANG_WARN_NON_LITERAL_NULL_CONVERSION = YES;
				CLANG_WARN_OBJC_IMPLICIT_RETAIN_SELF = YES;
				CLANG_WARN_OBJC_LITERAL_CONVERSION = YES;
				CLANG_WARN_OBJC_ROOT_CLASS = YES_ERROR;
				CLANG_WARN_QUOTED_INCLUDE_IN_FRAMEWORK_HEADER = YES;
				CLANG_WARN_RANGE_LOOP_ANALYSIS = YES;
				CLANG_WARN_STRICT_PROTOTYPES = YES;
				CLANG_WARN_SUSPICIOUS_MOVE = YES;
				CLANG_WARN_UNGUARDED_AVAILABILITY = YES_AGGRESSIVE;
				CLANG_WARN_UNREACHABLE_CODE = YES;
				CLANG_WARN__DUPLICATE_METHOD_MATCH = YES;
				COPY_PHASE_STRIP = NO;
				DEBUG_INFORMATION_FORMAT = "dwarf-with-dsym";
				ENABLE_NS_ASSERTIONS = NO;
				ENABLE_STRICT_OBJC_MSGSEND = YES;
				GCC_C_LANGUAGE_STANDARD = gnu11;
				GCC_NO_COMMON_BLOCKS = YES;
				GCC_WARN_64_TO_32_BIT_CONVERSION = YES;
				GCC_WARN_ABOUT_RETURN_TYPE = YES_ERROR;
				GCC_WARN_UNDECLARED_SELECTOR = YES;
				GCC_WARN_UNINITIALIZED_AUTOS = YES_AGGRESSIVE;
				GCC_WARN_UNUSED_FUNCTION = YES;
				GCC_WARN_UNUSED_VARIABLE = YES;
				IPHONEOS_DEPLOYMENT_TARGET = 14.4;
				MTL_ENABLE_DEBUG_INFO = NO;
				MTL_FAST_MATH = YES;
				SDKROOT = iphoneos;
				SWIFT_COMPILATION_MODE = wholemodule;
				SWIFT_OPTIMIZATION_LEVEL = "-O";
				VALIDATE_PRODUCT = YES;
			};
			name = Release;
		};
		C502AE6526F3B0E200E8C9AA /* Debug */ = {
			isa = XCBuildConfiguration;
			buildSettings = {
				ASSETCATALOG_COMPILER_APPICON_NAME = AppIcon;
				ASSETCATALOG_COMPILER_GLOBAL_ACCENT_COLOR_NAME = AccentColor;
				CODE_SIGN_STYLE = Automatic;
				DEVELOPMENT_TEAM = FHFAG7LFX8;
				INFOPLIST_FILE = GNBCatalog/Info.plist;
				LD_RUNPATH_SEARCH_PATHS = (
					"$(inherited)",
					"@executable_path/Frameworks",
				);
				PRODUCT_BUNDLE_IDENTIFIER = guido.GNBCatalog;
				PRODUCT_NAME = "$(TARGET_NAME)";
				SWIFT_VERSION = 5.0;
				TARGETED_DEVICE_FAMILY = "1,2";
			};
			name = Debug;
		};
		C502AE6626F3B0E200E8C9AA /* Release */ = {
			isa = XCBuildConfiguration;
			buildSettings = {
				ASSETCATALOG_COMPILER_APPICON_NAME = AppIcon;
				ASSETCATALOG_COMPILER_GLOBAL_ACCENT_COLOR_NAME = AccentColor;
				CODE_SIGN_STYLE = Automatic;
				DEVELOPMENT_TEAM = FHFAG7LFX8;
				INFOPLIST_FILE = GNBCatalog/Info.plist;
				LD_RUNPATH_SEARCH_PATHS = (
					"$(inherited)",
					"@executable_path/Frameworks",
				);
				PRODUCT_BUNDLE_IDENTIFIER = guido.GNBCatalog;
				PRODUCT_NAME = "$(TARGET_NAME)";
				SWIFT_VERSION = 5.0;
				TARGETED_DEVICE_FAMILY = "1,2";
			};
			name = Release;
		};
		C502AE6826F3B0E200E8C9AA /* Debug */ = {
			isa = XCBuildConfiguration;
			buildSettings = {
				ALWAYS_EMBED_SWIFT_STANDARD_LIBRARIES = YES;
				BUNDLE_LOADER = "$(TEST_HOST)";
				CODE_SIGN_STYLE = Automatic;
				DEVELOPMENT_TEAM = FHFAG7LFX8;
				INFOPLIST_FILE = GNBCatalogTests/Info.plist;
				IPHONEOS_DEPLOYMENT_TARGET = 14.4;
				LD_RUNPATH_SEARCH_PATHS = (
					"$(inherited)",
					"@executable_path/Frameworks",
					"@loader_path/Frameworks",
				);
				PRODUCT_BUNDLE_IDENTIFIER = guido.GNBCatalogTests;
				PRODUCT_NAME = "$(TARGET_NAME)";
				SWIFT_VERSION = 5.0;
				TARGETED_DEVICE_FAMILY = "1,2";
				TEST_HOST = "$(BUILT_PRODUCTS_DIR)/GNBCatalog.app/GNBCatalog";
			};
			name = Debug;
		};
		C502AE6926F3B0E200E8C9AA /* Release */ = {
			isa = XCBuildConfiguration;
			buildSettings = {
				ALWAYS_EMBED_SWIFT_STANDARD_LIBRARIES = YES;
				BUNDLE_LOADER = "$(TEST_HOST)";
				CODE_SIGN_STYLE = Automatic;
				DEVELOPMENT_TEAM = FHFAG7LFX8;
				INFOPLIST_FILE = GNBCatalogTests/Info.plist;
				IPHONEOS_DEPLOYMENT_TARGET = 14.4;
				LD_RUNPATH_SEARCH_PATHS = (
					"$(inherited)",
					"@executable_path/Frameworks",
					"@loader_path/Frameworks",
				);
				PRODUCT_BUNDLE_IDENTIFIER = guido.GNBCatalogTests;
				PRODUCT_NAME = "$(TARGET_NAME)";
				SWIFT_VERSION = 5.0;
				TARGETED_DEVICE_FAMILY = "1,2";
				TEST_HOST = "$(BUILT_PRODUCTS_DIR)/GNBCatalog.app/GNBCatalog";
			};
			name = Release;
		};
		C502AE6B26F3B0E200E8C9AA /* Debug */ = {
			isa = XCBuildConfiguration;
			buildSettings = {
				ALWAYS_EMBED_SWIFT_STANDARD_LIBRARIES = YES;
				CODE_SIGN_STYLE = Automatic;
				DEVELOPMENT_TEAM = FHFAG7LFX8;
				INFOPLIST_FILE = GNBCatalogUITests/Info.plist;
				LD_RUNPATH_SEARCH_PATHS = (
					"$(inherited)",
					"@executable_path/Frameworks",
					"@loader_path/Frameworks",
				);
				PRODUCT_BUNDLE_IDENTIFIER = guido.GNBCatalogUITests;
				PRODUCT_NAME = "$(TARGET_NAME)";
				SWIFT_VERSION = 5.0;
				TARGETED_DEVICE_FAMILY = "1,2";
				TEST_TARGET_NAME = GNBCatalog;
			};
			name = Debug;
		};
		C502AE6C26F3B0E200E8C9AA /* Release */ = {
			isa = XCBuildConfiguration;
			buildSettings = {
				ALWAYS_EMBED_SWIFT_STANDARD_LIBRARIES = YES;
				CODE_SIGN_STYLE = Automatic;
				DEVELOPMENT_TEAM = FHFAG7LFX8;
				INFOPLIST_FILE = GNBCatalogUITests/Info.plist;
				LD_RUNPATH_SEARCH_PATHS = (
					"$(inherited)",
					"@executable_path/Frameworks",
					"@loader_path/Frameworks",
				);
				PRODUCT_BUNDLE_IDENTIFIER = guido.GNBCatalogUITests;
				PRODUCT_NAME = "$(TARGET_NAME)";
				SWIFT_VERSION = 5.0;
				TARGETED_DEVICE_FAMILY = "1,2";
				TEST_TARGET_NAME = GNBCatalog;
			};
			name = Release;
		};
/* End XCBuildConfiguration section */

/* Begin XCConfigurationList section */
		C502AE3526F3B0E100E8C9AA /* Build configuration list for PBXProject "GNBCatalog" */ = {
			isa = XCConfigurationList;
			buildConfigurations = (
				C502AE6226F3B0E200E8C9AA /* Debug */,
				C502AE6326F3B0E200E8C9AA /* Release */,
			);
			defaultConfigurationIsVisible = 0;
			defaultConfigurationName = Release;
		};
		C502AE6426F3B0E200E8C9AA /* Build configuration list for PBXNativeTarget "GNBCatalog" */ = {
			isa = XCConfigurationList;
			buildConfigurations = (
				C502AE6526F3B0E200E8C9AA /* Debug */,
				C502AE6626F3B0E200E8C9AA /* Release */,
			);
			defaultConfigurationIsVisible = 0;
			defaultConfigurationName = Release;
		};
		C502AE6726F3B0E200E8C9AA /* Build configuration list for PBXNativeTarget "GNBCatalogTests" */ = {
			isa = XCConfigurationList;
			buildConfigurations = (
				C502AE6826F3B0E200E8C9AA /* Debug */,
				C502AE6926F3B0E200E8C9AA /* Release */,
			);
			defaultConfigurationIsVisible = 0;
			defaultConfigurationName = Release;
		};
		C502AE6A26F3B0E200E8C9AA /* Build configuration list for PBXNativeTarget "GNBCatalogUITests" */ = {
			isa = XCConfigurationList;
			buildConfigurations = (
				C502AE6B26F3B0E200E8C9AA /* Debug */,
				C502AE6C26F3B0E200E8C9AA /* Release */,
			);
			defaultConfigurationIsVisible = 0;
			defaultConfigurationName = Release;
		};
/* End XCConfigurationList section */
	};
	rootObject = C502AE3226F3B0E100E8C9AA /* Project object */;
}
