// !$*UTF8*$!
{
	archiveVersion = 1;
	classes = {
	};
	objectVersion = 50;
	objects = {

/* Begin PBXBuildFile section */
		604C1C43F0F9D301484FEFD4 /* Pods_GNBCatalog_GNBCatalogUITests.framework in Frameworks */ = {isa = PBXBuildFile; fileRef = 5ECD7A82FACECBD13B41D57A /* Pods_GNBCatalog_GNBCatalogUITests.framework */; };
		6F22AC4DBBFBF350A70B3F24 /* Pods_GNBCatalog.framework in Frameworks */ = {isa = PBXBuildFile; fileRef = 9DC7570BA372264DE53F1E96 /* Pods_GNBCatalog.framework */; };
		83118A0EA8A8AF02E2031C6F /* Pods_GNBCatalogTests.framework in Frameworks */ = {isa = PBXBuildFile; fileRef = 7F56087E3F86B865C3F57384 /* Pods_GNBCatalogTests.framework */; };
		C50278CE26F3B3B20033CC05 /* RateEntity.swift in Sources */ = {isa = PBXBuildFile; fileRef = C50278CD26F3B3B20033CC05 /* RateEntity.swift */; };
		C50278D726F3B7E40033CC05 /* Network.swift in Sources */ = {isa = PBXBuildFile; fileRef = C50278D626F3B7E40033CC05 /* Network.swift */; };
		C50278DF26F3B8520033CC05 /* TransactionEntity.swift in Sources */ = {isa = PBXBuildFile; fileRef = C50278DE26F3B8520033CC05 /* TransactionEntity.swift */; };
		C50278E526F3C7090033CC05 /* ListModule.swift in Sources */ = {isa = PBXBuildFile; fileRef = C50278E426F3C7090033CC05 /* ListModule.swift */; };
		C50278ED26F3C8AC0033CC05 /* ListViewController.swift in Sources */ = {isa = PBXBuildFile; fileRef = C50278EC26F3C8AC0033CC05 /* ListViewController.swift */; };
		C50278F226F3C8B50033CC05 /* ListPresenter.swift in Sources */ = {isa = PBXBuildFile; fileRef = C50278F126F3C8B50033CC05 /* ListPresenter.swift */; };
		C50278F726F3C8C20033CC05 /* ListInteractor.swift in Sources */ = {isa = PBXBuildFile; fileRef = C50278F626F3C8C20033CC05 /* ListInteractor.swift */; };
		C50278FC26F3C8CC0033CC05 /* ListRouter.swift in Sources */ = {isa = PBXBuildFile; fileRef = C50278FB26F3C8CC0033CC05 /* ListRouter.swift */; };
		C502790126F3CBC70033CC05 /* BaseProtocol.swift in Sources */ = {isa = PBXBuildFile; fileRef = C502790026F3CBC70033CC05 /* BaseProtocol.swift */; };
		C502AE3E26F3B0E100E8C9AA /* AppDelegate.swift in Sources */ = {isa = PBXBuildFile; fileRef = C502AE3D26F3B0E100E8C9AA /* AppDelegate.swift */; };
		C502AE4026F3B0E100E8C9AA /* SceneDelegate.swift in Sources */ = {isa = PBXBuildFile; fileRef = C502AE3F26F3B0E100E8C9AA /* SceneDelegate.swift */; };
		C502AE4526F3B0E100E8C9AA /* Main.storyboard in Resources */ = {isa = PBXBuildFile; fileRef = C502AE4326F3B0E100E8C9AA /* Main.storyboard */; };
		C502AE4726F3B0E200E8C9AA /* Assets.xcassets in Resources */ = {isa = PBXBuildFile; fileRef = C502AE4626F3B0E200E8C9AA /* Assets.xcassets */; };
		C502AE4A26F3B0E200E8C9AA /* LaunchScreen.storyboard in Resources */ = {isa = PBXBuildFile; fileRef = C502AE4826F3B0E200E8C9AA /* LaunchScreen.storyboard */; };
		C502AE5526F3B0E200E8C9AA /* GNBCatalogTests.swift in Sources */ = {isa = PBXBuildFile; fileRef = C502AE5426F3B0E200E8C9AA /* GNBCatalogTests.swift */; };
		C502AE6026F3B0E200E8C9AA /* GNBCatalogUITests.swift in Sources */ = {isa = PBXBuildFile; fileRef = C502AE5F26F3B0E200E8C9AA /* GNBCatalogUITests.swift */; };
		C5FAC23C26F4E2120072485D /* ProductCell.swift in Sources */ = {isa = PBXBuildFile; fileRef = C5FAC23B26F4E2120072485D /* ProductCell.swift */; };
/* End PBXBuildFile section */

/* Begin PBXContainerItemProxy section */
		C502AE5126F3B0E200E8C9AA /* PBXContainerItemProxy */ = {
			isa = PBXContainerItemProxy;
			containerPortal = C502AE3226F3B0E100E8C9AA /* Project object */;
			proxyType = 1;
			remoteGlobalIDString = C502AE3926F3B0E100E8C9AA;
			remoteInfo = GNBCatalog;
		};
		C502AE5C26F3B0E200E8C9AA /* PBXContainerItemProxy */ = {
			isa = PBXContainerItemProxy;
			containerPortal = C502AE3226F3B0E100E8C9AA /* Project object */;
			proxyType = 1;
			remoteGlobalIDString = C502AE3926F3B0E100E8C9AA;
			remoteInfo = GNBCatalog;
		};
/* End PBXContainerItemProxy section */

/* Begin PBXFileReference section */
		22ED185DF11D2F822EF3288B /* Pods-GNBCatalog-GNBCatalogUITests.release.xcconfig */ = {isa = PBXFileReference; includeInIndex = 1; lastKnownFileType = text.xcconfig; name = "Pods-GNBCatalog-GNBCatalogUITests.release.xcconfig"; path = "Target Support Files/Pods-GNBCatalog-GNBCatalogUITests/Pods-GNBCatalog-GNBCatalogUITests.release.xcconfig"; sourceTree = "<group>"; };
		35B6ED8D9B3DF3FC2718D695 /* Pods-GNBCatalogTests.release.xcconfig */ = {isa = PBXFileReference; includeInIndex = 1; lastKnownFileType = text.xcconfig; name = "Pods-GNBCatalogTests.release.xcconfig"; path = "Target Support Files/Pods-GNBCatalogTests/Pods-GNBCatalogTests.release.xcconfig"; sourceTree = "<group>"; };
		5ECD7A82FACECBD13B41D57A /* Pods_GNBCatalog_GNBCatalogUITests.framework */ = {isa = PBXFileReference; explicitFileType = wrapper.framework; includeInIndex = 0; path = Pods_GNBCatalog_GNBCatalogUITests.framework; sourceTree = BUILT_PRODUCTS_DIR; };
		7F56087E3F86B865C3F57384 /* Pods_GNBCatalogTests.framework */ = {isa = PBXFileReference; explicitFileType = wrapper.framework; includeInIndex = 0; path = Pods_GNBCatalogTests.framework; sourceTree = BUILT_PRODUCTS_DIR; };
		9160D206D8C6F09C5086C318 /* Pods-GNBCatalogTests.debug.xcconfig */ = {isa = PBXFileReference; includeInIndex = 1; lastKnownFileType = text.xcconfig; name = "Pods-GNBCatalogTests.debug.xcconfig"; path = "Target Support Files/Pods-GNBCatalogTests/Pods-GNBCatalogTests.debug.xcconfig"; sourceTree = "<group>"; };
		9DC7570BA372264DE53F1E96 /* Pods_GNBCatalog.framework */ = {isa = PBXFileReference; explicitFileType = wrapper.framework; includeInIndex = 0; path = Pods_GNBCatalog.framework; sourceTree = BUILT_PRODUCTS_DIR; };
		AF5ECC25BA07776C3A22F1B0 /* Pods-GNBCatalog-GNBCatalogUITests.debug.xcconfig */ = {isa = PBXFileReference; includeInIndex = 1; lastKnownFileType = text.xcconfig; name = "Pods-GNBCatalog-GNBCatalogUITests.debug.xcconfig"; path = "Target Support Files/Pods-GNBCatalog-GNBCatalogUITests/Pods-GNBCatalog-GNBCatalogUITests.debug.xcconfig"; sourceTree = "<group>"; };
		BFBB4DACE3CC77D12DD8B356 /* Pods-GNBCatalog.debug.xcconfig */ = {isa = PBXFileReference; includeInIndex = 1; lastKnownFileType = text.xcconfig; name = "Pods-GNBCatalog.debug.xcconfig"; path = "Target Support Files/Pods-GNBCatalog/Pods-GNBCatalog.debug.xcconfig"; sourceTree = "<group>"; };
		C50278CD26F3B3B20033CC05 /* RateEntity.swift */ = {isa = PBXFileReference; lastKnownFileType = sourcecode.swift; path = RateEntity.swift; sourceTree = "<group>"; };
		C50278D626F3B7E40033CC05 /* Network.swift */ = {isa = PBXFileReference; lastKnownFileType = sourcecode.swift; path = Network.swift; sourceTree = "<group>"; };
		C50278DE26F3B8520033CC05 /* TransactionEntity.swift */ = {isa = PBXFileReference; lastKnownFileType = sourcecode.swift; path = TransactionEntity.swift; sourceTree = "<group>"; };
		C50278E426F3C7090033CC05 /* ListModule.swift */ = {isa = PBXFileReference; lastKnownFileType = sourcecode.swift; path = ListModule.swift; sourceTree = "<group>"; };
		C50278EC26F3C8AC0033CC05 /* ListViewController.swift */ = {isa = PBXFileReference; lastKnownFileType = sourcecode.swift; path = ListViewController.swift; sourceTree = "<group>"; };
		C50278F126F3C8B50033CC05 /* ListPresenter.swift */ = {isa = PBXFileReference; lastKnownFileType = sourcecode.swift; path = ListPresenter.swift; sourceTree = "<group>"; };
		C50278F626F3C8C20033CC05 /* ListInteractor.swift */ = {isa = PBXFileReference; lastKnownFileType = sourcecode.swift; path = ListInteractor.swift; sourceTree = "<group>"; };
		C50278FB26F3C8CC0033CC05 /* ListRouter.swift */ = {isa = PBXFileReference; lastKnownFileType = sourcecode.swift; path = ListRouter.swift; sourceTree = "<group>"; };
		C502790026F3CBC70033CC05 /* BaseProtocol.swift */ = {isa = PBXFileReference; lastKnownFileType = sourcecode.swift; path = BaseProtocol.swift; sourceTree = "<group>"; };
		C502AE3A26F3B0E100E8C9AA /* GNBCatalog.app */ = {isa = PBXFileReference; explicitFileType = wrapper.application; includeInIndex = 0; path = GNBCatalog.app; sourceTree = BUILT_PRODUCTS_DIR; };
		C502AE3D26F3B0E100E8C9AA /* AppDelegate.swift */ = {isa = PBXFileReference; lastKnownFileType = sourcecode.swift; path = AppDelegate.swift; sourceTree = "<group>"; };
		C502AE3F26F3B0E100E8C9AA /* SceneDelegate.swift */ = {isa = PBXFileReference; lastKnownFileType = sourcecode.swift; path = SceneDelegate.swift; sourceTree = "<group>"; };
		C502AE4426F3B0E100E8C9AA /* Base */ = {isa = PBXFileReference; lastKnownFileType = file.storyboard; name = Base; path = Base.lproj/Main.storyboard; sourceTree = "<group>"; };
		C502AE4626F3B0E200E8C9AA /* Assets.xcassets */ = {isa = PBXFileReference; lastKnownFileType = folder.assetcatalog; path = Assets.xcassets; sourceTree = "<group>"; };
		C502AE4926F3B0E200E8C9AA /* Base */ = {isa = PBXFileReference; lastKnownFileType = file.storyboard; name = Base; path = Base.lproj/LaunchScreen.storyboard; sourceTree = "<group>"; };
		C502AE4B26F3B0E200E8C9AA /* Info.plist */ = {isa = PBXFileReference; lastKnownFileType = text.plist.xml; path = Info.plist; sourceTree = "<group>"; };
		C502AE5026F3B0E200E8C9AA /* GNBCatalogTests.xctest */ = {isa = PBXFileReference; explicitFileType = wrapper.cfbundle; includeInIndex = 0; path = GNBCatalogTests.xctest; sourceTree = BUILT_PRODUCTS_DIR; };
		C502AE5426F3B0E200E8C9AA /* GNBCatalogTests.swift */ = {isa = PBXFileReference; lastKnownFileType = sourcecode.swift; path = GNBCatalogTests.swift; sourceTree = "<group>"; };
		C502AE5626F3B0E200E8C9AA /* Info.plist */ = {isa = PBXFileReference; lastKnownFileType = text.plist.xml; path = Info.plist; sourceTree = "<group>"; };
		C502AE5B26F3B0E200E8C9AA /* GNBCatalogUITests.xctest */ = {isa = PBXFileReference; explicitFileType = wrapper.cfbundle; includeInIndex = 0; path = GNBCatalogUITests.xctest; sourceTree = BUILT_PRODUCTS_DIR; };
		C502AE5F26F3B0E200E8C9AA /* GNBCatalogUITests.swift */ = {isa = PBXFileReference; lastKnownFileType = sourcecode.swift; path = GNBCatalogUITests.swift; sourceTree = "<group>"; };
		C502AE6126F3B0E200E8C9AA /* Info.plist */ = {isa = PBXFileReference; lastKnownFileType = text.plist.xml; path = Info.plist; sourceTree = "<group>"; };
		C5FAC23B26F4E2120072485D /* ProductCell.swift */ = {isa = PBXFileReference; lastKnownFileType = sourcecode.swift; path = ProductCell.swift; sourceTree = "<group>"; };
		E6A5680749CE68E9E82F61B4 /* Pods-GNBCatalog.release.xcconfig */ = {isa = PBXFileReference; includeInIndex = 1; lastKnownFileType = text.xcconfig; name = "Pods-GNBCatalog.release.xcconfig"; path = "Target Support Files/Pods-GNBCatalog/Pods-GNBCatalog.release.xcconfig"; sourceTree = "<group>"; };
/* End PBXFileReference section */

/* Begin PBXFrameworksBuildPhase section */
		C502AE3726F3B0E100E8C9AA /* Frameworks */ = {
			isa = PBXFrameworksBuildPhase;
			buildActionMask = 2147483647;
			files = (
				6F22AC4DBBFBF350A70B3F24 /* Pods_GNBCatalog.framework in Frameworks */,
			);
			runOnlyForDeploymentPostprocessing = 0;
		};
		C502AE4D26F3B0E200E8C9AA /* Frameworks */ = {
			isa = PBXFrameworksBuildPhase;
			buildActionMask = 2147483647;
			files = (
				83118A0EA8A8AF02E2031C6F /* Pods_GNBCatalogTests.framework in Frameworks */,
			);
			runOnlyForDeploymentPostprocessing = 0;
		};
		C502AE5826F3B0E200E8C9AA /* Frameworks */ = {
			isa = PBXFrameworksBuildPhase;
			buildActionMask = 2147483647;
			files = (
				604C1C43F0F9D301484FEFD4 /* Pods_GNBCatalog_GNBCatalogUITests.framework in Frameworks */,
			);
			runOnlyForDeploymentPostprocessing = 0;
		};
/* End PBXFrameworksBuildPhase section */

/* Begin PBXGroup section */
		117DB11FCE701503B8E49D37 /* Frameworks */ = {
			isa = PBXGroup;
			children = (
				9DC7570BA372264DE53F1E96 /* Pods_GNBCatalog.framework */,
				5ECD7A82FACECBD13B41D57A /* Pods_GNBCatalog_GNBCatalogUITests.framework */,
				7F56087E3F86B865C3F57384 /* Pods_GNBCatalogTests.framework */,
			);
			name = Frameworks;
			sourceTree = "<group>";
		};
		9EAD7EC1791D835DA1F5C25D /* Pods */ = {
			isa = PBXGroup;
			children = (
				BFBB4DACE3CC77D12DD8B356 /* Pods-GNBCatalog.debug.xcconfig */,
				E6A5680749CE68E9E82F61B4 /* Pods-GNBCatalog.release.xcconfig */,
				AF5ECC25BA07776C3A22F1B0 /* Pods-GNBCatalog-GNBCatalogUITests.debug.xcconfig */,
				22ED185DF11D2F822EF3288B /* Pods-GNBCatalog-GNBCatalogUITests.release.xcconfig */,
				9160D206D8C6F09C5086C318 /* Pods-GNBCatalogTests.debug.xcconfig */,
				35B6ED8D9B3DF3FC2718D695 /* Pods-GNBCatalogTests.release.xcconfig */,
			);
			path = Pods;
			sourceTree = "<group>";
		};
		C50278C026F3B2CC0033CC05 /* Storyboards */ = {
			isa = PBXGroup;
			children = (
				C502AE4326F3B0E100E8C9AA /* Main.storyboard */,
				C502AE4826F3B0E200E8C9AA /* LaunchScreen.storyboard */,
			);
			path = Storyboards;
			sourceTree = "<group>";
		};
		C50278C126F3B2D70033CC05 /* SupportFiles */ = {
			isa = PBXGroup;
			children = (
				C502AE4626F3B0E200E8C9AA /* Assets.xcassets */,
				C502AE4B26F3B0E200E8C9AA /* Info.plist */,
				C50278C426F3B2F50033CC05 /* Delegates */,
			);
			path = SupportFiles;
			sourceTree = "<group>";
		};
		C50278C226F3B2DF0033CC05 /* Modules */ = {
			isa = PBXGroup;
			children = (
				C50278E326F3B8BA0033CC05 /* ListModule */,
				C502790026F3CBC70033CC05 /* BaseProtocol.swift */,
			);
			path = Modules;
			sourceTree = "<group>";
		};
		C50278C326F3B2E40033CC05 /* Datalayer */ = {
			isa = PBXGroup;
			children = (
				C50278D526F3B7D60033CC05 /* Network */,
				C50278CC26F3B3670033CC05 /* Entities */,
			);
			path = Datalayer;
			sourceTree = "<group>";
		};
		C50278C426F3B2F50033CC05 /* Delegates */ = {
			isa = PBXGroup;
			children = (
				C502AE3D26F3B0E100E8C9AA /* AppDelegate.swift */,
				C502AE3F26F3B0E100E8C9AA /* SceneDelegate.swift */,
			);
			path = Delegates;
			sourceTree = "<group>";
		};
		C50278CC26F3B3670033CC05 /* Entities */ = {
			isa = PBXGroup;
			children = (
				C50278DE26F3B8520033CC05 /* TransactionEntity.swift */,
				C50278CD26F3B3B20033CC05 /* RateEntity.swift */,
			);
			path = Entities;
			sourceTree = "<group>";
		};
		C50278D526F3B7D60033CC05 /* Network */ = {
			isa = PBXGroup;
			children = (
				C50278D626F3B7E40033CC05 /* Network.swift */,
			);
			path = Network;
			sourceTree = "<group>";
		};
		C50278E326F3B8BA0033CC05 /* ListModule */ = {
			isa = PBXGroup;
			children = (
				C5FAC23A26F4E2020072485D /* Cells */,
				C50278E426F3C7090033CC05 /* ListModule.swift */,
				C50278EC26F3C8AC0033CC05 /* ListViewController.swift */,
				C50278F126F3C8B50033CC05 /* ListPresenter.swift */,
				C50278F626F3C8C20033CC05 /* ListInteractor.swift */,
				C50278FB26F3C8CC0033CC05 /* ListRouter.swift */,
			);
			path = ListModule;
			sourceTree = "<group>";
		};
		C502AE3126F3B0E100E8C9AA = {
			isa = PBXGroup;
			children = (
				C502AE3C26F3B0E100E8C9AA /* GNBCatalog */,
				C502AE5326F3B0E200E8C9AA /* GNBCatalogTests */,
				C502AE5E26F3B0E200E8C9AA /* GNBCatalogUITests */,
				C502AE3B26F3B0E100E8C9AA /* Products */,
				9EAD7EC1791D835DA1F5C25D /* Pods */,
				117DB11FCE701503B8E49D37 /* Frameworks */,
			);
			sourceTree = "<group>";
		};
		C502AE3B26F3B0E100E8C9AA /* Products */ = {
			isa = PBXGroup;
			children = (
				C502AE3A26F3B0E100E8C9AA /* GNBCatalog.app */,
				C502AE5026F3B0E200E8C9AA /* GNBCatalogTests.xctest */,
				C502AE5B26F3B0E200E8C9AA /* GNBCatalogUITests.xctest */,
			);
			name = Products;
			sourceTree = "<group>";
		};
		C502AE3C26F3B0E100E8C9AA /* GNBCatalog */ = {
			isa = PBXGroup;
			children = (
				C50278C326F3B2E40033CC05 /* Datalayer */,
				C50278C226F3B2DF0033CC05 /* Modules */,
				C50278C126F3B2D70033CC05 /* SupportFiles */,
				C50278C026F3B2CC0033CC05 /* Storyboards */,
			);
			path = GNBCatalog;
			sourceTree = "<group>";
		};
		C502AE5326F3B0E200E8C9AA /* GNBCatalogTests */ = {
			isa = PBXGroup;
			children = (
				C502AE5426F3B0E200E8C9AA /* GNBCatalogTests.swift */,
				C502AE5626F3B0E200E8C9AA /* Info.plist */,
			);
			path = GNBCatalogTests;
			sourceTree = "<group>";
		};
		C502AE5E26F3B0E200E8C9AA /* GNBCatalogUITests */ = {
			isa = PBXGroup;
			children = (
				C502AE5F26F3B0E200E8C9AA /* GNBCatalogUITests.swift */,
				C502AE6126F3B0E200E8C9AA /* Info.plist */,
			);
			path = GNBCatalogUITests;
			sourceTree = "<group>";
		};
		C5FAC23A26F4E2020072485D /* Cells */ = {
			isa = PBXGroup;
			children = (
				C5FAC23B26F4E2120072485D /* ProductCell.swift */,
			);
			path = Cells;
			sourceTree = "<group>";
		};
/* End PBXGroup section */

/* Begin PBXNativeTarget section */
		C502AE3926F3B0E100E8C9AA /* GNBCatalog */ = {
			isa = PBXNativeTarget;
			buildConfigurationList = C502AE6426F3B0E200E8C9AA /* Build configuration list for PBXNativeTarget "GNBCatalog" */;
			buildPhases = (
				CCCD2136A0ABF70A94DFE71D /* [CP] Check Pods Manifest.lock */,
				C502AE3626F3B0E100E8C9AA /* Sources */,
				C502AE3726F3B0E100E8C9AA /* Frameworks */,
				C502AE3826F3B0E100E8C9AA /* Resources */,
				C50278BC26F3B23A0033CC05 /* SwiftLint */,
			);
			buildRules = (
			);
			dependencies = (
			);
			name = GNBCatalog;
			productName = GNBCatalog;
			productReference = C502AE3A26F3B0E100E8C9AA /* GNBCatalog.app */;
			productType = "com.apple.product-type.application";
		};
		C502AE4F26F3B0E200E8C9AA /* GNBCatalogTests */ = {
			isa = PBXNativeTarget;
			buildConfigurationList = C502AE6726F3B0E200E8C9AA /* Build configuration list for PBXNativeTarget "GNBCatalogTests" */;
			buildPhases = (
				99C8F4ED79F4A0DD58EB2108 /* [CP] Check Pods Manifest.lock */,
				C502AE4C26F3B0E200E8C9AA /* Sources */,
				C502AE4D26F3B0E200E8C9AA /* Frameworks */,
				C502AE4E26F3B0E200E8C9AA /* Resources */,
			);
			buildRules = (
			);
			dependencies = (
				C502AE5226F3B0E200E8C9AA /* PBXTargetDependency */,
			);
			name = GNBCatalogTests;
			productName = GNBCatalogTests;
			productReference = C502AE5026F3B0E200E8C9AA /* GNBCatalogTests.xctest */;
			productType = "com.apple.product-type.bundle.unit-test";
		};
		C502AE5A26F3B0E200E8C9AA /* GNBCatalogUITests */ = {
			isa = PBXNativeTarget;
			buildConfigurationList = C502AE6A26F3B0E200E8C9AA /* Build configuration list for PBXNativeTarget "GNBCatalogUITests" */;
			buildPhases = (
				AA7852F05160255D1865874A /* [CP] Check Pods Manifest.lock */,
				C502AE5726F3B0E200E8C9AA /* Sources */,
				C502AE5826F3B0E200E8C9AA /* Frameworks */,
				C502AE5926F3B0E200E8C9AA /* Resources */,
			);
			buildRules = (
			);
			dependencies = (
				C502AE5D26F3B0E200E8C9AA /* PBXTargetDependency */,
			);
			name = GNBCatalogUITests;
			productName = GNBCatalogUITests;
			productReference = C502AE5B26F3B0E200E8C9AA /* GNBCatalogUITests.xctest */;
			productType = "com.apple.product-type.bundle.ui-testing";
		};
/* End PBXNativeTarget section */

/* Begin PBXProject section */
		C502AE3226F3B0E100E8C9AA /* Project object */ = {
			isa = PBXProject;
			attributes = {
				LastSwiftUpdateCheck = 1240;
				LastUpgradeCheck = 1240;
				TargetAttributes = {
					C502AE3926F3B0E100E8C9AA = {
						CreatedOnToolsVersion = 12.4;
					};
					C502AE4F26F3B0E200E8C9AA = {
						CreatedOnToolsVersion = 12.4;
						TestTargetID = C502AE3926F3B0E100E8C9AA;
					};
					C502AE5A26F3B0E200E8C9AA = {
						CreatedOnToolsVersion = 12.4;
						TestTargetID = C502AE3926F3B0E100E8C9AA;
					};
				};
			};
			buildConfigurationList = C502AE3526F3B0E100E8C9AA /* Build configuration list for PBXProject "GNBCatalog" */;
			compatibilityVersion = "Xcode 9.3";
			developmentRegion = en;
			hasScannedForEncodings = 0;
			knownRegions = (
				en,
				Base,
			);
			mainGroup = C502AE3126F3B0E100E8C9AA;
			productRefGroup = C502AE3B26F3B0E100E8C9AA /* Products */;
			projectDirPath = "";
			projectRoot = "";
			targets = (
				C502AE3926F3B0E100E8C9AA /* GNBCatalog */,
				C502AE4F26F3B0E200E8C9AA /* GNBCatalogTests */,
				C502AE5A26F3B0E200E8C9AA /* GNBCatalogUITests */,
			);
		};
/* End PBXProject section */

/* Begin PBXResourcesBuildPhase section */
		C502AE3826F3B0E100E8C9AA /* Resources */ = {
			isa = PBXResourcesBuildPhase;
			buildActionMask = 2147483647;
			files = (
				C502AE4A26F3B0E200E8C9AA /* LaunchScreen.storyboard in Resources */,
				C502AE4726F3B0E200E8C9AA /* Assets.xcassets in Resources */,
				C502AE4526F3B0E100E8C9AA /* Main.storyboard in Resources */,
			);
			runOnlyForDeploymentPostprocessing = 0;
		};
		C502AE4E26F3B0E200E8C9AA /* Resources */ = {
			isa = PBXResourcesBuildPhase;
			buildActionMask = 2147483647;
			files = (
			);
			runOnlyForDeploymentPostprocessing = 0;
		};
		C502AE5926F3B0E200E8C9AA /* Resources */ = {
			isa = PBXResourcesBuildPhase;
			buildActionMask = 2147483647;
			files = (
			);
			runOnlyForDeploymentPostprocessing = 0;
		};
/* End PBXResourcesBuildPhase section */

/* Begin PBXShellScriptBuildPhase section */
		99C8F4ED79F4A0DD58EB2108 /* [CP] Check Pods Manifest.lock */ = {
			isa = PBXShellScriptBuildPhase;
			buildActionMask = 2147483647;
			files = (
			);
			inputFileListPaths = (
			);
			inputPaths = (
				"${PODS_PODFILE_DIR_PATH}/Podfile.lock",
				"${PODS_ROOT}/Manifest.lock",
			);
			name = "[CP] Check Pods Manifest.lock";
			outputFileListPaths = (
			);
			outputPaths = (
				"$(DERIVED_FILE_DIR)/Pods-GNBCatalogTests-checkManifestLockResult.txt",
			);
			runOnlyForDeploymentPostprocessing = 0;
			shellPath = /bin/sh;
			shellScript = "diff \"${PODS_PODFILE_DIR_PATH}/Podfile.lock\" \"${PODS_ROOT}/Manifest.lock\" > /dev/null\nif [ $? != 0 ] ; then\n    # print error to STDERR\n    echo \"error: The sandbox is not in sync with the Podfile.lock. Run 'pod install' or update your CocoaPods installation.\" >&2\n    exit 1\nfi\n# This output is used by Xcode 'outputs' to avoid re-running this script phase.\necho \"SUCCESS\" > \"${SCRIPT_OUTPUT_FILE_0}\"\n";
			showEnvVarsInLog = 0;
		};
		AA7852F05160255D1865874A /* [CP] Check Pods Manifest.lock */ = {
			isa = PBXShellScriptBuildPhase;
			buildActionMask = 2147483647;
			files = (
			);
			inputFileListPaths = (
			);
			inputPaths = (
				"${PODS_PODFILE_DIR_PATH}/Podfile.lock",
				"${PODS_ROOT}/Manifest.lock",
			);
			name = "[CP] Check Pods Manifest.lock";
			outputFileListPaths = (
			);
			outputPaths = (
				"$(DERIVED_FILE_DIR)/Pods-GNBCatalog-GNBCatalogUITests-checkManifestLockResult.txt",
			);
			runOnlyForDeploymentPostprocessing = 0;
			shellPath = /bin/sh;
			shellScript = "diff \"${PODS_PODFILE_DIR_PATH}/Podfile.lock\" \"${PODS_ROOT}/Manifest.lock\" > /dev/null\nif [ $? != 0 ] ; then\n    # print error to STDERR\n    echo \"error: The sandbox is not in sync with the Podfile.lock. Run 'pod install' or update your CocoaPods installation.\" >&2\n    exit 1\nfi\n# This output is used by Xcode 'outputs' to avoid re-running this script phase.\necho \"SUCCESS\" > \"${SCRIPT_OUTPUT_FILE_0}\"\n";
			showEnvVarsInLog = 0;
		};
		C50278BC26F3B23A0033CC05 /* SwiftLint */ = {
			isa = PBXShellScriptBuildPhase;
			buildActionMask = 2147483647;
			files = (
			);
			inputFileListPaths = (
			);
			inputPaths = (
			);
			name = SwiftLint;
			outputFileListPaths = (
			);
			outputPaths = (
			);
			runOnlyForDeploymentPostprocessing = 0;
			shellPath = /bin/sh;
			shellScript = "# Type a script or drag a script file from your workspace to insert its path.\n\"${PODS_ROOT}/SwiftLint/swiftlint\"\n";
		};
		CCCD2136A0ABF70A94DFE71D /* [CP] Check Pods Manifest.lock */ = {
			isa = PBXShellScriptBuildPhase;
			buildActionMask = 2147483647;
			files = (
			);
			inputFileListPaths = (
			);
			inputPaths = (
				"${PODS_PODFILE_DIR_PATH}/Podfile.lock",
				"${PODS_ROOT}/Manifest.lock",
			);
			name = "[CP] Check Pods Manifest.lock";
			outputFileListPaths = (
			);
			outputPaths = (
				"$(DERIVED_FILE_DIR)/Pods-GNBCatalog-checkManifestLockResult.txt",
			);
			runOnlyForDeploymentPostprocessing = 0;
			shellPath = /bin/sh;
			shellScript = "diff \"${PODS_PODFILE_DIR_PATH}/Podfile.lock\" \"${PODS_ROOT}/Manifest.lock\" > /dev/null\nif [ $? != 0 ] ; then\n    # print error to STDERR\n    echo \"error: The sandbox is not in sync with the Podfile.lock. Run 'pod install' or update your CocoaPods installation.\" >&2\n    exit 1\nfi\n# This output is used by Xcode 'outputs' to avoid re-running this script phase.\necho \"SUCCESS\" > \"${SCRIPT_OUTPUT_FILE_0}\"\n";
			showEnvVarsInLog = 0;
		};
/* End PBXShellScriptBuildPhase section */

/* Begin PBXSourcesBuildPhase section */
		C502AE3626F3B0E100E8C9AA /* Sources */ = {
			isa = PBXSourcesBuildPhase;
			buildActionMask = 2147483647;
			files = (
				C50278DF26F3B8520033CC05 /* TransactionEntity.swift in Sources */,
				C50278E526F3C7090033CC05 /* ListModule.swift in Sources */,
				C50278F226F3C8B50033CC05 /* ListPresenter.swift in Sources */,
				C50278F726F3C8C20033CC05 /* ListInteractor.swift in Sources */,
				C50278D726F3B7E40033CC05 /* Network.swift in Sources */,
				C50278CE26F3B3B20033CC05 /* RateEntity.swift in Sources */,
				C502AE3E26F3B0E100E8C9AA /* AppDelegate.swift in Sources */,
				C502AE4026F3B0E100E8C9AA /* SceneDelegate.swift in Sources */,
				C50278FC26F3C8CC0033CC05 /* ListRouter.swift in Sources */,
				C5FAC23C26F4E2120072485D /* ProductCell.swift in Sources */,
				C50278ED26F3C8AC0033CC05 /* ListViewController.swift in Sources */,
				C502790126F3CBC70033CC05 /* BaseProtocol.swift in Sources */,
			);
			runOnlyForDeploymentPostprocessing = 0;
		};
		C502AE4C26F3B0E200E8C9AA /* Sources */ = {
			isa = PBXSourcesBuildPhase;
			buildActionMask = 2147483647;
			files = (
				C502AE5526F3B0E200E8C9AA /* GNBCatalogTests.swift in Sources */,
			);
			runOnlyForDeploymentPostprocessing = 0;
		};
		C502AE5726F3B0E200E8C9AA /* Sources */ = {
			isa = PBXSourcesBuildPhase;
			buildActionMask = 2147483647;
			files = (
				C502AE6026F3B0E200E8C9AA /* GNBCatalogUITests.swift in Sources */,
			);
			runOnlyForDeploymentPostprocessing = 0;
		};
/* End PBXSourcesBuildPhase section */

/* Begin PBXTargetDependency section */
		C502AE5226F3B0E200E8C9AA /* PBXTargetDependency */ = {
			isa = PBXTargetDependency;
			target = C502AE3926F3B0E100E8C9AA /* GNBCatalog */;
			targetProxy = C502AE5126F3B0E200E8C9AA /* PBXContainerItemProxy */;
		};
		C502AE5D26F3B0E200E8C9AA /* PBXTargetDependency */ = {
			isa = PBXTargetDependency;
			target = C502AE3926F3B0E100E8C9AA /* GNBCatalog */;
			targetProxy = C502AE5C26F3B0E200E8C9AA /* PBXContainerItemProxy */;
		};
/* End PBXTargetDependency section */

/* Begin PBXVariantGroup section */
		C502AE4326F3B0E100E8C9AA /* Main.storyboard */ = {
			isa = PBXVariantGroup;
			children = (
				C502AE4426F3B0E100E8C9AA /* Base */,
			);
			name = Main.storyboard;
			sourceTree = "<group>";
		};
		C502AE4826F3B0E200E8C9AA /* LaunchScreen.storyboard */ = {
			isa = PBXVariantGroup;
			children = (
				C502AE4926F3B0E200E8C9AA /* Base */,
			);
			name = LaunchScreen.storyboard;
			sourceTree = "<group>";
		};
/* End PBXVariantGroup section */

/* Begin XCBuildConfiguration section */
		C502AE6226F3B0E200E8C9AA /* Debug */ = {
			isa = XCBuildConfiguration;
			buildSettings = {
				ALWAYS_SEARCH_USER_PATHS = NO;
				CLANG_ANALYZER_NONNULL = YES;
				CLANG_ANALYZER_NUMBER_OBJECT_CONVERSION = YES_AGGRESSIVE;
				CLANG_CXX_LANGUAGE_STANDARD = "gnu++14";
				CLANG_CXX_LIBRARY = "libc++";
				CLANG_ENABLE_MODULES = YES;
				CLANG_ENABLE_OBJC_ARC = YES;
				CLANG_ENABLE_OBJC_WEAK = YES;
				CLANG_WARN_BLOCK_CAPTURE_AUTORELEASING = YES;
				CLANG_WARN_BOOL_CONVERSION = YES;
				CLANG_WARN_COMMA = YES;
				CLANG_WARN_CONSTANT_CONVERSION = YES;
				CLANG_WARN_DEPRECATED_OBJC_IMPLEMENTATIONS = YES;
				CLANG_WARN_DIRECT_OBJC_ISA_USAGE = YES_ERROR;
				CLANG_WARN_DOCUMENTATION_COMMENTS = YES;
				CLANG_WARN_EMPTY_BODY = YES;
				CLANG_WARN_ENUM_CONVERSION = YES;
				CLANG_WARN_INFINITE_RECURSION = YES;
				CLANG_WARN_INT_CONVERSION = YES;
				CLANG_WARN_NON_LITERAL_NULL_CONVERSION = YES;
				CLANG_WARN_OBJC_IMPLICIT_RETAIN_SELF = YES;
				CLANG_WARN_OBJC_LITERAL_CONVERSION = YES;
				CLANG_WARN_OBJC_ROOT_CLASS = YES_ERROR;
				CLANG_WARN_QUOTED_INCLUDE_IN_FRAMEWORK_HEADER = YES;
				CLANG_WARN_RANGE_LOOP_ANALYSIS = YES;
				CLANG_WARN_STRICT_PROTOTYPES = YES;
				CLANG_WARN_SUSPICIOUS_MOVE = YES;
				CLANG_WARN_UNGUARDED_AVAILABILITY = YES_AGGRESSIVE;
				CLANG_WARN_UNREACHABLE_CODE = YES;
				CLANG_WARN__DUPLICATE_METHOD_MATCH = YES;
				COPY_PHASE_STRIP = NO;
				DEBUG_INFORMATION_FORMAT = dwarf;
				ENABLE_STRICT_OBJC_MSGSEND = YES;
				ENABLE_TESTABILITY = YES;
				GCC_C_LANGUAGE_STANDARD = gnu11;
				GCC_DYNAMIC_NO_PIC = NO;
				GCC_NO_COMMON_BLOCKS = YES;
				GCC_OPTIMIZATION_LEVEL = 0;
				GCC_PREPROCESSOR_DEFINITIONS = (
					"DEBUG=1",
					"$(inherited)",
				);
				GCC_WARN_64_TO_32_BIT_CONVERSION = YES;
				GCC_WARN_ABOUT_RETURN_TYPE = YES_ERROR;
				GCC_WARN_UNDECLARED_SELECTOR = YES;
				GCC_WARN_UNINITIALIZED_AUTOS = YES_AGGRESSIVE;
				GCC_WARN_UNUSED_FUNCTION = YES;
				GCC_WARN_UNUSED_VARIABLE = YES;
				IPHONEOS_DEPLOYMENT_TARGET = 14.4;
				MTL_ENABLE_DEBUG_INFO = INCLUDE_SOURCE;
				MTL_FAST_MATH = YES;
				ONLY_ACTIVE_ARCH = YES;
				SDKROOT = iphoneos;
				SWIFT_ACTIVE_COMPILATION_CONDITIONS = DEBUG;
				SWIFT_OPTIMIZATION_LEVEL = "-Onone";
			};
			name = Debug;
		};
		C502AE6326F3B0E200E8C9AA /* Release */ = {
			isa = XCBuildConfiguration;
			buildSettings = {
				ALWAYS_SEARCH_USER_PATHS = NO;
				CLANG_ANALYZER_NONNULL = YES;
				CLANG_ANALYZER_NUMBER_OBJECT_CONVERSION = YES_AGGRESSIVE;
				CLANG_CXX_LANGUAGE_STANDARD = "gnu++14";
				CLANG_CXX_LIBRARY = "libc++";
				CLANG_ENABLE_MODULES = YES;
				CLANG_ENABLE_OBJC_ARC = YES;
				CLANG_ENABLE_OBJC_WEAK = YES;
				CLANG_WARN_BLOCK_CAPTURE_AUTORELEASING = YES;
				CLANG_WARN_BOOL_CONVERSION = YES;
				CLANG_WARN_COMMA = YES;
				CLANG_WARN_CONSTANT_CONVERSION = YES;
				CLANG_WARN_DEPRECATED_OBJC_IMPLEMENTATIONS = YES;
				CLANG_WARN_DIRECT_OBJC_ISA_USAGE = YES_ERROR;
				CLANG_WARN_DOCUMENTATION_COMMENTS = YES;
				CLANG_WARN_EMPTY_BODY = YES;
				CLANG_WARN_ENUM_CONVERSION = YES;
				CLANG_WARN_INFINITE_RECURSION = YES;
				CLANG_WARN_INT_CONVERSION = YES;
				CLANG_WARN_NON_LITERAL_NULL_CONVERSION = YES;
				CLANG_WARN_OBJC_IMPLICIT_RETAIN_SELF = YES;
				CLANG_WARN_OBJC_LITERAL_CONVERSION = YES;
				CLANG_WARN_OBJC_ROOT_CLASS = YES_ERROR;
				CLANG_WARN_QUOTED_INCLUDE_IN_FRAMEWORK_HEADER = YES;
				CLANG_WARN_RANGE_LOOP_ANALYSIS = YES;
				CLANG_WARN_STRICT_PROTOTYPES = YES;
				CLANG_WARN_SUSPICIOUS_MOVE = YES;
				CLANG_WARN_UNGUARDED_AVAILABILITY = YES_AGGRESSIVE;
				CLANG_WARN_UNREACHABLE_CODE = YES;
				CLANG_WARN__DUPLICATE_METHOD_MATCH = YES;
				COPY_PHASE_STRIP = NO;
				DEBUG_INFORMATION_FORMAT = "dwarf-with-dsym";
				ENABLE_NS_ASSERTIONS = NO;
				ENABLE_STRICT_OBJC_MSGSEND = YES;
				GCC_C_LANGUAGE_STANDARD = gnu11;
				GCC_NO_COMMON_BLOCKS = YES;
				GCC_WARN_64_TO_32_BIT_CONVERSION = YES;
				GCC_WARN_ABOUT_RETURN_TYPE = YES_ERROR;
				GCC_WARN_UNDECLARED_SELECTOR = YES;
				GCC_WARN_UNINITIALIZED_AUTOS = YES_AGGRESSIVE;
				GCC_WARN_UNUSED_FUNCTION = YES;
				GCC_WARN_UNUSED_VARIABLE = YES;
				IPHONEOS_DEPLOYMENT_TARGET = 14.4;
				MTL_ENABLE_DEBUG_INFO = NO;
				MTL_FAST_MATH = YES;
				SDKROOT = iphoneos;
				SWIFT_COMPILATION_MODE = wholemodule;
				SWIFT_OPTIMIZATION_LEVEL = "-O";
				VALIDATE_PRODUCT = YES;
			};
			name = Release;
		};
		C502AE6526F3B0E200E8C9AA /* Debug */ = {
			isa = XCBuildConfiguration;
			baseConfigurationReference = BFBB4DACE3CC77D12DD8B356 /* Pods-GNBCatalog.debug.xcconfig */;
			buildSettings = {
				ASSETCATALOG_COMPILER_APPICON_NAME = AppIcon;
				ASSETCATALOG_COMPILER_GLOBAL_ACCENT_COLOR_NAME = AccentColor;
				CODE_SIGN_STYLE = Automatic;
				DEVELOPMENT_TEAM = FHFAG7LFX8;
				INFOPLIST_FILE = GNBCatalog/SupportFiles/Info.plist;
				LD_RUNPATH_SEARCH_PATHS = (
					"$(inherited)",
					"@executable_path/Frameworks",
				);
				PRODUCT_BUNDLE_IDENTIFIER = guido.GNBCatalog;
				PRODUCT_NAME = "$(TARGET_NAME)";
				SWIFT_VERSION = 5.0;
				TARGETED_DEVICE_FAMILY = "1,2";
			};
			name = Debug;
		};
		C502AE6626F3B0E200E8C9AA /* Release */ = {
			isa = XCBuildConfiguration;
			baseConfigurationReference = E6A5680749CE68E9E82F61B4 /* Pods-GNBCatalog.release.xcconfig */;
			buildSettings = {
				ASSETCATALOG_COMPILER_APPICON_NAME = AppIcon;
				ASSETCATALOG_COMPILER_GLOBAL_ACCENT_COLOR_NAME = AccentColor;
				CODE_SIGN_STYLE = Automatic;
				DEVELOPMENT_TEAM = FHFAG7LFX8;
				INFOPLIST_FILE = GNBCatalog/SupportFiles/Info.plist;
				LD_RUNPATH_SEARCH_PATHS = (
					"$(inherited)",
					"@executable_path/Frameworks",
				);
				PRODUCT_BUNDLE_IDENTIFIER = guido.GNBCatalog;
				PRODUCT_NAME = "$(TARGET_NAME)";
				SWIFT_VERSION = 5.0;
				TARGETED_DEVICE_FAMILY = "1,2";
			};
			name = Release;
		};
		C502AE6826F3B0E200E8C9AA /* Debug */ = {
			isa = XCBuildConfiguration;
			baseConfigurationReference = 9160D206D8C6F09C5086C318 /* Pods-GNBCatalogTests.debug.xcconfig */;
			buildSettings = {
				ALWAYS_EMBED_SWIFT_STANDARD_LIBRARIES = YES;
				BUNDLE_LOADER = "$(TEST_HOST)";
				CODE_SIGN_STYLE = Automatic;
				DEVELOPMENT_TEAM = FHFAG7LFX8;
				INFOPLIST_FILE = GNBCatalogTests/Info.plist;
				IPHONEOS_DEPLOYMENT_TARGET = 14.4;
				LD_RUNPATH_SEARCH_PATHS = (
					"$(inherited)",
					"@executable_path/Frameworks",
					"@loader_path/Frameworks",
				);
				PRODUCT_BUNDLE_IDENTIFIER = guido.GNBCatalogTests;
				PRODUCT_NAME = "$(TARGET_NAME)";
				SWIFT_VERSION = 5.0;
				TARGETED_DEVICE_FAMILY = "1,2";
				TEST_HOST = "$(BUILT_PRODUCTS_DIR)/GNBCatalog.app/GNBCatalog";
			};
			name = Debug;
		};
		C502AE6926F3B0E200E8C9AA /* Release */ = {
			isa = XCBuildConfiguration;
			baseConfigurationReference = 35B6ED8D9B3DF3FC2718D695 /* Pods-GNBCatalogTests.release.xcconfig */;
			buildSettings = {
				ALWAYS_EMBED_SWIFT_STANDARD_LIBRARIES = YES;
				BUNDLE_LOADER = "$(TEST_HOST)";
				CODE_SIGN_STYLE = Automatic;
				DEVELOPMENT_TEAM = FHFAG7LFX8;
				INFOPLIST_FILE = GNBCatalogTests/Info.plist;
				IPHONEOS_DEPLOYMENT_TARGET = 14.4;
				LD_RUNPATH_SEARCH_PATHS = (
					"$(inherited)",
					"@executable_path/Frameworks",
					"@loader_path/Frameworks",
				);
				PRODUCT_BUNDLE_IDENTIFIER = guido.GNBCatalogTests;
				PRODUCT_NAME = "$(TARGET_NAME)";
				SWIFT_VERSION = 5.0;
				TARGETED_DEVICE_FAMILY = "1,2";
				TEST_HOST = "$(BUILT_PRODUCTS_DIR)/GNBCatalog.app/GNBCatalog";
			};
			name = Release;
		};
		C502AE6B26F3B0E200E8C9AA /* Debug */ = {
			isa = XCBuildConfiguration;
			baseConfigurationReference = AF5ECC25BA07776C3A22F1B0 /* Pods-GNBCatalog-GNBCatalogUITests.debug.xcconfig */;
			buildSettings = {
				ALWAYS_EMBED_SWIFT_STANDARD_LIBRARIES = YES;
				CODE_SIGN_STYLE = Automatic;
				DEVELOPMENT_TEAM = FHFAG7LFX8;
				INFOPLIST_FILE = GNBCatalogUITests/Info.plist;
				LD_RUNPATH_SEARCH_PATHS = (
					"$(inherited)",
					"@executable_path/Frameworks",
					"@loader_path/Frameworks",
				);
				PRODUCT_BUNDLE_IDENTIFIER = guido.GNBCatalogUITests;
				PRODUCT_NAME = "$(TARGET_NAME)";
				SWIFT_VERSION = 5.0;
				TARGETED_DEVICE_FAMILY = "1,2";
				TEST_TARGET_NAME = GNBCatalog;
			};
			name = Debug;
		};
		C502AE6C26F3B0E200E8C9AA /* Release */ = {
			isa = XCBuildConfiguration;
			baseConfigurationReference = 22ED185DF11D2F822EF3288B /* Pods-GNBCatalog-GNBCatalogUITests.release.xcconfig */;
			buildSettings = {
				ALWAYS_EMBED_SWIFT_STANDARD_LIBRARIES = YES;
				CODE_SIGN_STYLE = Automatic;
				DEVELOPMENT_TEAM = FHFAG7LFX8;
				INFOPLIST_FILE = GNBCatalogUITests/Info.plist;
				LD_RUNPATH_SEARCH_PATHS = (
					"$(inherited)",
					"@executable_path/Frameworks",
					"@loader_path/Frameworks",
				);
				PRODUCT_BUNDLE_IDENTIFIER = guido.GNBCatalogUITests;
				PRODUCT_NAME = "$(TARGET_NAME)";
				SWIFT_VERSION = 5.0;
				TARGETED_DEVICE_FAMILY = "1,2";
				TEST_TARGET_NAME = GNBCatalog;
			};
			name = Release;
		};
/* End XCBuildConfiguration section */

/* Begin XCConfigurationList section */
		C502AE3526F3B0E100E8C9AA /* Build configuration list for PBXProject "GNBCatalog" */ = {
			isa = XCConfigurationList;
			buildConfigurations = (
				C502AE6226F3B0E200E8C9AA /* Debug */,
				C502AE6326F3B0E200E8C9AA /* Release */,
			);
			defaultConfigurationIsVisible = 0;
			defaultConfigurationName = Release;
		};
		C502AE6426F3B0E200E8C9AA /* Build configuration list for PBXNativeTarget "GNBCatalog" */ = {
			isa = XCConfigurationList;
			buildConfigurations = (
				C502AE6526F3B0E200E8C9AA /* Debug */,
				C502AE6626F3B0E200E8C9AA /* Release */,
			);
			defaultConfigurationIsVisible = 0;
			defaultConfigurationName = Release;
		};
		C502AE6726F3B0E200E8C9AA /* Build configuration list for PBXNativeTarget "GNBCatalogTests" */ = {
			isa = XCConfigurationList;
			buildConfigurations = (
				C502AE6826F3B0E200E8C9AA /* Debug */,
				C502AE6926F3B0E200E8C9AA /* Release */,
			);
			defaultConfigurationIsVisible = 0;
			defaultConfigurationName = Release;
		};
		C502AE6A26F3B0E200E8C9AA /* Build configuration list for PBXNativeTarget "GNBCatalogUITests" */ = {
			isa = XCConfigurationList;
			buildConfigurations = (
				C502AE6B26F3B0E200E8C9AA /* Debug */,
				C502AE6C26F3B0E200E8C9AA /* Release */,
			);
			defaultConfigurationIsVisible = 0;
			defaultConfigurationName = Release;
		};
/* End XCConfigurationList section */
	};
	rootObject = C502AE3226F3B0E100E8C9AA /* Project object */;
}
